
Microsoft Visual Studio Solution File, Format Version 12.00
# Visual Studio Version 16
VisualStudioVersion = 16.0.28803.202
MinimumVisualStudioVersion = 10.0.40219.1
Project("{FAE04EC0-301F-11D3-BF4B-00C04F79EFBC}") = "tatar2", "tatar2\tatar2.csproj", "{B2088B6D-39D9-4AEB-BD1C-EDD13524691B}"
EndProject
Project("{FAE04EC0-301F-11D3-BF4B-00C04F79EFBC}") = "Translator", "Translator\Translator.csproj", "{ED118DE5-CAB9-40B3-91E0-2113849B2EC1}"
EndProject
Project("{FAE04EC0-301F-11D3-BF4B-00C04F79EFBC}") = "ForSortTexts", "ForSortTexts\ForSortTexts.csproj", "{C0F1881D-DAD8-4F20-8955-B5A2EB7E127C}"
EndProject
Global
	GlobalSection(SolutionConfigurationPlatforms) = preSolution
		Debug|Any CPU = Debug|Any CPU
		Release|Any CPU = Release|Any CPU
	EndGlobalSection
	GlobalSection(ProjectConfigurationPlatforms) = postSolution
		{B2088B6D-39D9-4AEB-BD1C-EDD13524691B}.Debug|Any CPU.ActiveCfg = Debug|Any CPU
		{B2088B6D-39D9-4AEB-BD1C-EDD13524691B}.Debug|Any CPU.Build.0 = Debug|Any CPU
		{B2088B6D-39D9-4AEB-BD1C-EDD13524691B}.Release|Any CPU.ActiveCfg = Release|Any CPU
		{B2088B6D-39D9-4AEB-BD1C-EDD13524691B}.Release|Any CPU.Build.0 = Release|Any CPU
		{ED118DE5-CAB9-40B3-91E0-2113849B2EC1}.Debug|Any CPU.ActiveCfg = Debug|Any CPU
		{ED118DE5-CAB9-40B3-91E0-2113849B2EC1}.Debug|Any CPU.Build.0 = Debug|Any CPU
		{ED118DE5-CAB9-40B3-91E0-2113849B2EC1}.Release|Any CPU.ActiveCfg = Release|Any CPU
		{ED118DE5-CAB9-40B3-91E0-2113849B2EC1}.Release|Any CPU.Build.0 = Release|Any CPU
		{C0F1881D-DAD8-4F20-8955-B5A2EB7E127C}.Debug|Any CPU.ActiveCfg = Debug|Any CPU
		{C0F1881D-DAD8-4F20-8955-B5A2EB7E127C}.Debug|Any CPU.Build.0 = Debug|Any CPU
		{C0F1881D-DAD8-4F20-8955-B5A2EB7E127C}.Release|Any CPU.ActiveCfg = Release|Any CPU
		{C0F1881D-DAD8-4F20-8955-B5A2EB7E127C}.Release|Any CPU.Build.0 = Release|Any CPU
	EndGlobalSection
	GlobalSection(SolutionProperties) = preSolution
		HideSolutionNode = FALSE
	EndGlobalSection
	GlobalSection(ExtensibilityGlobals) = postSolution
		SolutionGuid = {1B3D1D88-780D-4D88-816D-69BDDF9686E5}
	EndGlobalSection
EndGlobal
